# This file was autogenerated by Stack.
# You should not edit this file by hand.
# For more information, please see the documentation at:
#   https://docs.haskellstack.org/en/stable/lock_files

packages:
- completed:
    hackage: protolude-0.3.1@sha256:1cc9e5a5c26c33a43c52b554443dd9779fef13974eaa0beec7ca6d2551b400da,2647
    pantry-tree:
      size: 1645
      sha256: 6452a6ca8d395f7d810139779bb0fd16fc1dbb00f1862630bc08ef5a100430f9
  original:
    hackage: protolude-0.3.1
- completed:
    hackage: registry-0.3.2.1@sha256:2846e1dff8c628e2fed24cce2592abb25df54ce73e3143fe7dbfabfe0f6d5bb4,5833
    pantry-tree:
      size: 3982
      sha256: 9c00d5a72007be5020d3f45edf1276ff7f22d20fad5b8060c00891ed5a2f7c72
  original:
    hackage: registry-0.3.2.1
- completed:
    hackage: registry-hedgehog-0.7.0.5@sha256:3b1af359fa880be5a9b805baff9a32edf9411e8e4af3be8fef46b98e824e7fd9,4287
    pantry-tree:
      size: 1379
      sha256: c5b9d51c2ce21ec290e8267c4bf74cde5b56085d94cafa0d4848041f030db9de
  original:
    hackage: registry-hedgehog-0.7.0.5
- completed:
    hackage: tasty-1.4.2.3@sha256:5c861bf8954d9e775769d3cfb13f55922839de3d1243dd4418505fdd0e05619a,2690
    pantry-tree:
      size: 1944
      sha256: 63b12965b20cb3e2f839e5c53f12b62f24fb0261f541d52e6c3e740d4f8f51f0
  original:
    hackage: tasty-1.4.2.3
snapshots:
- completed:
    size: 634325
    url: https://raw.githubusercontent.com/commercialhaskell/stackage-snapshots/master/nightly/2022/9/12.yaml
    sha256: 3ab93824b4b7762440c14496477e8aaa0be7d2f92ce44a16d13d46b8f1fbaeaa
  original: nightly-2022-09-12
